// !$*UTF8*$!
{
	archiveVersion = 1;
	classes = {
	};
	objectVersion = 55;
	objects = {

/* Begin PBXBuildFile section */
		7BC3E6482843AEC200B714C8 /* PhotoAlbumBrowserApp.swift in Sources */ = {isa = PBXBuildFile; fileRef = 7BC3E6472843AEC200B714C8 /* PhotoAlbumBrowserApp.swift */; };
		7BC3E64C2843AEC600B714C8 /* Assets.xcassets in Resources */ = {isa = PBXBuildFile; fileRef = 7BC3E64B2843AEC600B714C8 /* Assets.xcassets */; };
		7BC3E64F2843AEC600B714C8 /* Preview Assets.xcassets in Resources */ = {isa = PBXBuildFile; fileRef = 7BC3E64E2843AEC600B714C8 /* Preview Assets.xcassets */; };
		7BC6D7342843B08E0038DD8F /* AssetInfo.swift in Sources */ = {isa = PBXBuildFile; fileRef = 7BC6D7312843B08E0038DD8F /* AssetInfo.swift */; };
		7BC6D7352843B08E0038DD8F /* PhotoManager+Location.swift in Sources */ = {isa = PBXBuildFile; fileRef = 7BC6D7322843B08E0038DD8F /* PhotoManager+Location.swift */; };
		7BC6D7362843B08E0038DD8F /* PhotoManager.swift in Sources */ = {isa = PBXBuildFile; fileRef = 7BC6D7332843B08E0038DD8F /* PhotoManager.swift */; };
		7BC6D73D2843B0A40038DD8F /* UInt64+PhotoAlbumBrowser.swift in Sources */ = {isa = PBXBuildFile; fileRef = 7BC6D7382843B0A40038DD8F /* UInt64+PhotoAlbumBrowser.swift */; };
		7BC6D73E2843B0A40038DD8F /* Bundle+PhotoAlbumBrowser.swift in Sources */ = {isa = PBXBuildFile; fileRef = 7BC6D7392843B0A40038DD8F /* Bundle+PhotoAlbumBrowser.swift */; };
		7BC6D73F2843B0A40038DD8F /* String+PhotoAlbumBrowser.swift in Sources */ = {isa = PBXBuildFile; fileRef = 7BC6D73A2843B0A40038DD8F /* String+PhotoAlbumBrowser.swift */; };
		7BC6D7402843B0A40038DD8F /* CGSize+PhotoAlbumBrowser.swift in Sources */ = {isa = PBXBuildFile; fileRef = 7BC6D73B2843B0A40038DD8F /* CGSize+PhotoAlbumBrowser.swift */; };
		7BC6D7412843B0A40038DD8F /* PHAsset+PhotoAlbumBrowser.swift in Sources */ = {isa = PBXBuildFile; fileRef = 7BC6D73C2843B0A40038DD8F /* PHAsset+PhotoAlbumBrowser.swift */; };
		7BC6D74B2843B15E0038DD8F /* PhotoCell.swift in Sources */ = {isa = PBXBuildFile; fileRef = 7BC6D7432843B15E0038DD8F /* PhotoCell.swift */; };
		7BC6D74C2843B15E0038DD8F /* PhotoList.swift in Sources */ = {isa = PBXBuildFile; fileRef = 7BC6D7442843B15E0038DD8F /* PhotoList.swift */; };
		7BC6D74D2843B15E0038DD8F /* ContentView.swift in Sources */ = {isa = PBXBuildFile; fileRef = 7BC6D7452843B15E0038DD8F /* ContentView.swift */; };
		7BC6D74E2843B15E0038DD8F /* MapView.swift in Sources */ = {isa = PBXBuildFile; fileRef = 7BC6D7472843B15E0038DD8F /* MapView.swift */; };
		7BC6D74F2843B15E0038DD8F /* LivePhotoView.swift in Sources */ = {isa = PBXBuildFile; fileRef = 7BC6D7482843B15E0038DD8F /* LivePhotoView.swift */; };
		7BC6D7502843B15E0038DD8F /* TextOverlay.swift in Sources */ = {isa = PBXBuildFile; fileRef = 7BC6D7492843B15E0038DD8F /* TextOverlay.swift */; };
		7BC6D7512843B15E0038DD8F /* Badge.swift in Sources */ = {isa = PBXBuildFile; fileRef = 7BC6D74A2843B15E0038DD8F /* Badge.swift */; };
/* End PBXBuildFile section */

/* Begin PBXFileReference section */
		7B340ADD2843B446000E4381 /* Info.plist */ = {isa = PBXFileReference; lastKnownFileType = text.plist; path = Info.plist; sourceTree = "<group>"; };
		7BC3E6442843AEC200B714C8 /* Photo Browser.app */ = {isa = PBXFileReference; explicitFileType = wrapper.application; includeInIndex = 0; path = "Photo Browser.app"; sourceTree = BUILT_PRODUCTS_DIR; };
		7BC3E6472843AEC200B714C8 /* PhotoAlbumBrowserApp.swift */ = {isa = PBXFileReference; lastKnownFileType = sourcecode.swift; path = PhotoAlbumBrowserApp.swift; sourceTree = "<group>"; };
		7BC3E64B2843AEC600B714C8 /* Assets.xcassets */ = {isa = PBXFileReference; lastKnownFileType = folder.assetcatalog; path = Assets.xcassets; sourceTree = "<group>"; };
		7BC3E64E2843AEC600B714C8 /* Preview Assets.xcassets */ = {isa = PBXFileReference; lastKnownFileType = folder.assetcatalog; path = "Preview Assets.xcassets"; sourceTree = "<group>"; };
		7BC6D7312843B08E0038DD8F /* AssetInfo.swift */ = {isa = PBXFileReference; fileEncoding = 4; lastKnownFileType = sourcecode.swift; path = AssetInfo.swift; sourceTree = "<group>"; };
		7BC6D7322843B08E0038DD8F /* PhotoManager+Location.swift */ = {isa = PBXFileReference; fileEncoding = 4; lastKnownFileType = sourcecode.swift; path = "PhotoManager+Location.swift"; sourceTree = "<group>"; };
		7BC6D7332843B08E0038DD8F /* PhotoManager.swift */ = {isa = PBXFileReference; fileEncoding = 4; lastKnownFileType = sourcecode.swift; path = PhotoManager.swift; sourceTree = "<group>"; };
		7BC6D7382843B0A40038DD8F /* UInt64+PhotoAlbumBrowser.swift */ = {isa = PBXFileReference; fileEncoding = 4; lastKnownFileType = sourcecode.swift; path = "UInt64+PhotoAlbumBrowser.swift"; sourceTree = "<group>"; };
		7BC6D7392843B0A40038DD8F /* Bundle+PhotoAlbumBrowser.swift */ = {isa = PBXFileReference; fileEncoding = 4; lastKnownFileType = sourcecode.swift; path = "Bundle+PhotoAlbumBrowser.swift"; sourceTree = "<group>"; };
		7BC6D73A2843B0A40038DD8F /* String+PhotoAlbumBrowser.swift */ = {isa = PBXFileReference; fileEncoding = 4; lastKnownFileType = sourcecode.swift; path = "String+PhotoAlbumBrowser.swift"; sourceTree = "<group>"; };
		7BC6D73B2843B0A40038DD8F /* CGSize+PhotoAlbumBrowser.swift */ = {isa = PBXFileReference; fileEncoding = 4; lastKnownFileType = sourcecode.swift; path = "CGSize+PhotoAlbumBrowser.swift"; sourceTree = "<group>"; };
		7BC6D73C2843B0A40038DD8F /* PHAsset+PhotoAlbumBrowser.swift */ = {isa = PBXFileReference; fileEncoding = 4; lastKnownFileType = sourcecode.swift; path = "PHAsset+PhotoAlbumBrowser.swift"; sourceTree = "<group>"; };
		7BC6D7432843B15E0038DD8F /* PhotoCell.swift */ = {isa = PBXFileReference; fileEncoding = 4; lastKnownFileType = sourcecode.swift; path = PhotoCell.swift; sourceTree = "<group>"; };
		7BC6D7442843B15E0038DD8F /* PhotoList.swift */ = {isa = PBXFileReference; fileEncoding = 4; lastKnownFileType = sourcecode.swift; path = PhotoList.swift; sourceTree = "<group>"; };
		7BC6D7452843B15E0038DD8F /* ContentView.swift */ = {isa = PBXFileReference; fileEncoding = 4; lastKnownFileType = sourcecode.swift; path = ContentView.swift; sourceTree = "<group>"; };
		7BC6D7472843B15E0038DD8F /* MapView.swift */ = {isa = PBXFileReference; fileEncoding = 4; lastKnownFileType = sourcecode.swift; path = MapView.swift; sourceTree = "<group>"; };
		7BC6D7482843B15E0038DD8F /* LivePhotoView.swift */ = {isa = PBXFileReference; fileEncoding = 4; lastKnownFileType = sourcecode.swift; path = LivePhotoView.swift; sourceTree = "<group>"; };
		7BC6D7492843B15E0038DD8F /* TextOverlay.swift */ = {isa = PBXFileReference; fileEncoding = 4; lastKnownFileType = sourcecode.swift; path = TextOverlay.swift; sourceTree = "<group>"; };
		7BC6D74A2843B15E0038DD8F /* Badge.swift */ = {isa = PBXFileReference; fileEncoding = 4; lastKnownFileType = sourcecode.swift; path = Badge.swift; sourceTree = "<group>"; };
/* End PBXFileReference section */

/* Begin PBXFrameworksBuildPhase section */
		7BC3E6412843AEC200B714C8 /* Frameworks */ = {
			isa = PBXFrameworksBuildPhase;
			buildActionMask = 2147483647;
			files = (
			);
			runOnlyForDeploymentPostprocessing = 0;
		};
/* End PBXFrameworksBuildPhase section */

/* Begin PBXGroup section */
		7BC3E63B2843AEC200B714C8 = {
			isa = PBXGroup;
			children = (
				7BC3E6462843AEC200B714C8 /* PhotoAlbumBrowser */,
				7BC3E6452843AEC200B714C8 /* Products */,
			);
			sourceTree = "<group>";
		};
		7BC3E6452843AEC200B714C8 /* Products */ = {
			isa = PBXGroup;
			children = (
				7BC3E6442843AEC200B714C8 /* Photo Browser.app */,
			);
			name = Products;
			sourceTree = "<group>";
		};
		7BC3E6462843AEC200B714C8 /* PhotoAlbumBrowser */ = {
			isa = PBXGroup;
			children = (
				7B340ADD2843B446000E4381 /* Info.plist */,
				7BC3E6472843AEC200B714C8 /* PhotoAlbumBrowserApp.swift */,
				7BC6D7422843B15E0038DD8F /* Views */,
				7BC6D7302843B08E0038DD8F /* Model */,
				7BC6D7372843B0A40038DD8F /* Extensions */,
				7BC3E64B2843AEC600B714C8 /* Assets.xcassets */,
				7BC3E64D2843AEC600B714C8 /* Preview Content */,
			);
			path = PhotoAlbumBrowser;
			sourceTree = "<group>";
		};
		7BC3E64D2843AEC600B714C8 /* Preview Content */ = {
			isa = PBXGroup;
			children = (
				7BC3E64E2843AEC600B714C8 /* Preview Assets.xcassets */,
			);
			path = "Preview Content";
			sourceTree = "<group>";
		};
		7BC6D7302843B08E0038DD8F /* Model */ = {
			isa = PBXGroup;
			children = (
				7BC6D7312843B08E0038DD8F /* AssetInfo.swift */,
				7BC6D7332843B08E0038DD8F /* PhotoManager.swift */,
				7BC6D7322843B08E0038DD8F /* PhotoManager+Location.swift */,
			);
			path = Model;
			sourceTree = "<group>";
		};
		7BC6D7372843B0A40038DD8F /* Extensions */ = {
			isa = PBXGroup;
			children = (
				7BC6D7392843B0A40038DD8F /* Bundle+PhotoAlbumBrowser.swift */,
				7BC6D73B2843B0A40038DD8F /* CGSize+PhotoAlbumBrowser.swift */,
				7BC6D73C2843B0A40038DD8F /* PHAsset+PhotoAlbumBrowser.swift */,
				7BC6D73A2843B0A40038DD8F /* String+PhotoAlbumBrowser.swift */,
				7BC6D7382843B0A40038DD8F /* UInt64+PhotoAlbumBrowser.swift */,
			);
			path = Extensions;
			sourceTree = "<group>";
		};
		7BC6D7422843B15E0038DD8F /* Views */ = {
			isa = PBXGroup;
			children = (
				7BC6D7432843B15E0038DD8F /* PhotoCell.swift */,
				7BC6D7442843B15E0038DD8F /* PhotoList.swift */,
				7BC6D7452843B15E0038DD8F /* ContentView.swift */,
				7BC6D7462843B15E0038DD8F /* Helpers */,
			);
			path = Views;
			sourceTree = "<group>";
		};
		7BC6D7462843B15E0038DD8F /* Helpers */ = {
			isa = PBXGroup;
			children = (
				7BC6D74A2843B15E0038DD8F /* Badge.swift */,
				7BC6D7482843B15E0038DD8F /* LivePhotoView.swift */,
				7BC6D7472843B15E0038DD8F /* MapView.swift */,
				7BC6D7492843B15E0038DD8F /* TextOverlay.swift */,
			);
			path = Helpers;
			sourceTree = "<group>";
		};
/* End PBXGroup section */

/* Begin PBXNativeTarget section */
		7BC3E6432843AEC200B714C8 /* PhotoAlbumBrowser */ = {
			isa = PBXNativeTarget;
			buildConfigurationList = 7BC3E6522843AEC600B714C8 /* Build configuration list for PBXNativeTarget "PhotoAlbumBrowser" */;
			buildPhases = (
				7BC3E6402843AEC200B714C8 /* Sources */,
				7BC3E6412843AEC200B714C8 /* Frameworks */,
				7BC3E6422843AEC200B714C8 /* Resources */,
			);
			buildRules = (
			);
			dependencies = (
			);
			name = PhotoAlbumBrowser;
			productName = PhotoAlbumBrowser;
			productReference = 7BC3E6442843AEC200B714C8 /* Photo Browser.app */;
			productType = "com.apple.product-type.application";
		};
/* End PBXNativeTarget section */

/* Begin PBXProject section */
		7BC3E63C2843AEC200B714C8 /* Project object */ = {
			isa = PBXProject;
			attributes = {
				BuildIndependentTargetsInParallel = 1;
				LastSwiftUpdateCheck = 1340;
				LastUpgradeCheck = 1340;
				TargetAttributes = {
					7BC3E6432843AEC200B714C8 = {
						CreatedOnToolsVersion = 13.4;
					};
				};
			};
			buildConfigurationList = 7BC3E63F2843AEC200B714C8 /* Build configuration list for PBXProject "PhotoAlbumBrowser" */;
			compatibilityVersion = "Xcode 13.0";
			developmentRegion = en;
			hasScannedForEncodings = 0;
			knownRegions = (
				en,
				Base,
			);
			mainGroup = 7BC3E63B2843AEC200B714C8;
			productRefGroup = 7BC3E6452843AEC200B714C8 /* Products */;
			projectDirPath = "";
			projectRoot = "";
			targets = (
				7BC3E6432843AEC200B714C8 /* PhotoAlbumBrowser */,
			);
		};
/* End PBXProject section */

/* Begin PBXResourcesBuildPhase section */
		7BC3E6422843AEC200B714C8 /* Resources */ = {
			isa = PBXResourcesBuildPhase;
			buildActionMask = 2147483647;
			files = (
				7BC3E64F2843AEC600B714C8 /* Preview Assets.xcassets in Resources */,
				7BC3E64C2843AEC600B714C8 /* Assets.xcassets in Resources */,
			);
			runOnlyForDeploymentPostprocessing = 0;
		};
/* End PBXResourcesBuildPhase section */

/* Begin PBXSourcesBuildPhase section */
		7BC3E6402843AEC200B714C8 /* Sources */ = {
			isa = PBXSourcesBuildPhase;
			buildActionMask = 2147483647;
			files = (
				7BC6D7512843B15E0038DD8F /* Badge.swift in Sources */,
				7BC3E6482843AEC200B714C8 /* PhotoAlbumBrowserApp.swift in Sources */,
				7BC6D7402843B0A40038DD8F /* CGSize+PhotoAlbumBrowser.swift in Sources */,
				7BC6D7502843B15E0038DD8F /* TextOverlay.swift in Sources */,
				7BC6D73E2843B0A40038DD8F /* Bundle+PhotoAlbumBrowser.swift in Sources */,
				7BC6D73F2843B0A40038DD8F /* String+PhotoAlbumBrowser.swift in Sources */,
				7BC6D73D2843B0A40038DD8F /* UInt64+PhotoAlbumBrowser.swift in Sources */,
				7BC6D7342843B08E0038DD8F /* AssetInfo.swift in Sources */,
				7BC6D74E2843B15E0038DD8F /* MapView.swift in Sources */,
				7BC6D7362843B08E0038DD8F /* PhotoManager.swift in Sources */,
				7BC6D74C2843B15E0038DD8F /* PhotoList.swift in Sources */,
				7BC6D7352843B08E0038DD8F /* PhotoManager+Location.swift in Sources */,
				7BC6D74D2843B15E0038DD8F /* ContentView.swift in Sources */,
				7BC6D74B2843B15E0038DD8F /* PhotoCell.swift in Sources */,
				7BC6D7412843B0A40038DD8F /* PHAsset+PhotoAlbumBrowser.swift in Sources */,
				7BC6D74F2843B15E0038DD8F /* LivePhotoView.swift in Sources */,
			);
			runOnlyForDeploymentPostprocessing = 0;
		};
/* End PBXSourcesBuildPhase section */

/* Begin XCBuildConfiguration section */
		7BC3E6502843AEC600B714C8 /* Debug */ = {
			isa = XCBuildConfiguration;
			buildSettings = {
				ALWAYS_SEARCH_USER_PATHS = NO;
				CLANG_ANALYZER_NONNULL = YES;
				CLANG_ANALYZER_NUMBER_OBJECT_CONVERSION = YES_AGGRESSIVE;
				CLANG_CXX_LANGUAGE_STANDARD = "gnu++17";
				CLANG_ENABLE_MODULES = YES;
				CLANG_ENABLE_OBJC_ARC = YES;
				CLANG_ENABLE_OBJC_WEAK = YES;
				CLANG_WARN_BLOCK_CAPTURE_AUTORELEASING = YES;
				CLANG_WARN_BOOL_CONVERSION = YES;
				CLANG_WARN_COMMA = YES;
				CLANG_WARN_CONSTANT_CONVERSION = YES;
				CLANG_WARN_DEPRECATED_OBJC_IMPLEMENTATIONS = YES;
				CLANG_WARN_DIRECT_OBJC_ISA_USAGE = YES_ERROR;
				CLANG_WARN_DOCUMENTATION_COMMENTS = YES;
				CLANG_WARN_EMPTY_BODY = YES;
				CLANG_WARN_ENUM_CONVERSION = YES;
				CLANG_WARN_INFINITE_RECURSION = YES;
				CLANG_WARN_INT_CONVERSION = YES;
				CLANG_WARN_NON_LITERAL_NULL_CONVERSION = YES;
				CLANG_WARN_OBJC_IMPLICIT_RETAIN_SELF = YES;
				CLANG_WARN_OBJC_LITERAL_CONVERSION = YES;
				CLANG_WARN_OBJC_ROOT_CLASS = YES_ERROR;
				CLANG_WARN_QUOTED_INCLUDE_IN_FRAMEWORK_HEADER = YES;
				CLANG_WARN_RANGE_LOOP_ANALYSIS = YES;
				CLANG_WARN_STRICT_PROTOTYPES = YES;
				CLANG_WARN_SUSPICIOUS_MOVE = YES;
				CLANG_WARN_UNGUARDED_AVAILABILITY = YES_AGGRESSIVE;
				CLANG_WARN_UNREACHABLE_CODE = YES;
				CLANG_WARN__DUPLICATE_METHOD_MATCH = YES;
				COPY_PHASE_STRIP = NO;
				DEBUG_INFORMATION_FORMAT = dwarf;
				ENABLE_STRICT_OBJC_MSGSEND = YES;
				ENABLE_TESTABILITY = YES;
				GCC_C_LANGUAGE_STANDARD = gnu11;
				GCC_DYNAMIC_NO_PIC = NO;
				GCC_NO_COMMON_BLOCKS = YES;
				GCC_OPTIMIZATION_LEVEL = 0;
				GCC_PREPROCESSOR_DEFINITIONS = (
					"DEBUG=1",
					"$(inherited)",
				);
				GCC_WARN_64_TO_32_BIT_CONVERSION = YES;
				GCC_WARN_ABOUT_RETURN_TYPE = YES_ERROR;
				GCC_WARN_UNDECLARED_SELECTOR = YES;
				GCC_WARN_UNINITIALIZED_AUTOS = YES_AGGRESSIVE;
				GCC_WARN_UNUSED_FUNCTION = YES;
				GCC_WARN_UNUSED_VARIABLE = YES;
				IPHONEOS_DEPLOYMENT_TARGET = 15.5;
				MTL_ENABLE_DEBUG_INFO = INCLUDE_SOURCE;
				MTL_FAST_MATH = YES;
				ONLY_ACTIVE_ARCH = YES;
				SDKROOT = iphoneos;
				SWIFT_ACTIVE_COMPILATION_CONDITIONS = DEBUG;
				SWIFT_OPTIMIZATION_LEVEL = "-Onone";
			};
			name = Debug;
		};
		7BC3E6512843AEC600B714C8 /* Release */ = {
			isa = XCBuildConfiguration;
			buildSettings = {
				ALWAYS_SEARCH_USER_PATHS = NO;
				CLANG_ANALYZER_NONNULL = YES;
				CLANG_ANALYZER_NUMBER_OBJECT_CONVERSION = YES_AGGRESSIVE;
				CLANG_CXX_LANGUAGE_STANDARD = "gnu++17";
				CLANG_ENABLE_MODULES = YES;
				CLANG_ENABLE_OBJC_ARC = YES;
				CLANG_ENABLE_OBJC_WEAK = YES;
				CLANG_WARN_BLOCK_CAPTURE_AUTORELEASING = YES;
				CLANG_WARN_BOOL_CONVERSION = YES;
				CLANG_WARN_COMMA = YES;
				CLANG_WARN_CONSTANT_CONVERSION = YES;
				CLANG_WARN_DEPRECATED_OBJC_IMPLEMENTATIONS = YES;
				CLANG_WARN_DIRECT_OBJC_ISA_USAGE = YES_ERROR;
				CLANG_WARN_DOCUMENTATION_COMMENTS = YES;
				CLANG_WARN_EMPTY_BODY = YES;
				CLANG_WARN_ENUM_CONVERSION = YES;
				CLANG_WARN_INFINITE_RECURSION = YES;
				CLANG_WARN_INT_CONVERSION = YES;
				CLANG_WARN_NON_LITERAL_NULL_CONVERSION = YES;
				CLANG_WARN_OBJC_IMPLICIT_RETAIN_SELF = YES;
				CLANG_WARN_OBJC_LITERAL_CONVERSION = YES;
				CLANG_WARN_OBJC_ROOT_CLASS = YES_ERROR;
				CLANG_WARN_QUOTED_INCLUDE_IN_FRAMEWORK_HEADER = YES;
				CLANG_WARN_RANGE_LOOP_ANALYSIS = YES;
				CLANG_WARN_STRICT_PROTOTYPES = YES;
				CLANG_WARN_SUSPICIOUS_MOVE = YES;
				CLANG_WARN_UNGUARDED_AVAILABILITY = YES_AGGRESSIVE;
				CLANG_WARN_UNREACHABLE_CODE = YES;
				CLANG_WARN__DUPLICATE_METHOD_MATCH = YES;
				COPY_PHASE_STRIP = NO;
				DEBUG_INFORMATION_FORMAT = "dwarf-with-dsym";
				ENABLE_NS_ASSERTIONS = NO;
				ENABLE_STRICT_OBJC_MSGSEND = YES;
				GCC_C_LANGUAGE_STANDARD = gnu11;
				GCC_NO_COMMON_BLOCKS = YES;
				GCC_WARN_64_TO_32_BIT_CONVERSION = YES;
				GCC_WARN_ABOUT_RETURN_TYPE = YES_ERROR;
				GCC_WARN_UNDECLARED_SELECTOR = YES;
				GCC_WARN_UNINITIALIZED_AUTOS = YES_AGGRESSIVE;
				GCC_WARN_UNUSED_FUNCTION = YES;
				GCC_WARN_UNUSED_VARIABLE = YES;
				IPHONEOS_DEPLOYMENT_TARGET = 15.5;
				MTL_ENABLE_DEBUG_INFO = NO;
				MTL_FAST_MATH = YES;
				SDKROOT = iphoneos;
				SWIFT_COMPILATION_MODE = wholemodule;
				SWIFT_OPTIMIZATION_LEVEL = "-O";
				VALIDATE_PRODUCT = YES;
			};
			name = Release;
		};
		7BC3E6532843AEC600B714C8 /* Debug */ = {
			isa = XCBuildConfiguration;
			buildSettings = {
				ASSETCATALOG_COMPILER_APPICON_NAME = AppIcon;
				ASSETCATALOG_COMPILER_GLOBAL_ACCENT_COLOR_NAME = AccentColor;
				CODE_SIGN_STYLE = Automatic;
				CURRENT_PROJECT_VERSION = 1;
				DEVELOPMENT_ASSET_PATHS = "\"PhotoAlbumBrowser/Preview Content\"";
				ENABLE_PREVIEWS = YES;
				GENERATE_INFOPLIST_FILE = YES;
				INFOPLIST_FILE = PhotoAlbumBrowser/Info.plist;
				INFOPLIST_KEY_NSPhotoLibraryUsageDescription = "The app requires access to the photo library on the device in order to display photos from an album.";
				INFOPLIST_KEY_UIApplicationSceneManifest_Generation = YES;
				INFOPLIST_KEY_UIApplicationSupportsIndirectInputEvents = YES;
				INFOPLIST_KEY_UILaunchScreen_Generation = YES;
				INFOPLIST_KEY_UISupportedInterfaceOrientations_iPad = "UIInterfaceOrientationPortrait UIInterfaceOrientationPortraitUpsideDown UIInterfaceOrientationLandscapeLeft UIInterfaceOrientationLandscapeRight";
				INFOPLIST_KEY_UISupportedInterfaceOrientations_iPhone = "UIInterfaceOrientationPortrait UIInterfaceOrientationLandscapeLeft UIInterfaceOrientationLandscapeRight";
				LD_RUNPATH_SEARCH_PATHS = (
					"$(inherited)",
					"@executable_path/Frameworks",
				);
				MARKETING_VERSION = 1.0;
				PRODUCT_BUNDLE_IDENTIFIER = org.example.PhotoAlbumBrowser;
				PRODUCT_NAME = "Photo Browser";
				SWIFT_EMIT_LOC_STRINGS = YES;
				SWIFT_VERSION = 5.0;
				TARGETED_DEVICE_FAMILY = "1,2";
			};
			name = Debug;
		};
		7BC3E6542843AEC600B714C8 /* Release */ = {
			isa = XCBuildConfiguration;
			buildSettings = {
				ASSETCATALOG_COMPILER_APPICON_NAME = AppIcon;
				ASSETCATALOG_COMPILER_GLOBAL_ACCENT_COLOR_NAME = AccentColor;
				CODE_SIGN_STYLE = Automatic;
				CURRENT_PROJECT_VERSION = 1;
				DEVELOPMENT_ASSET_PATHS = "\"PhotoAlbumBrowser/Preview Content\"";
				ENABLE_PREVIEWS = YES;
				GENERATE_INFOPLIST_FILE = YES;
				INFOPLIST_FILE = PhotoAlbumBrowser/Info.plist;
				INFOPLIST_KEY_NSPhotoLibraryUsageDescription = "The app requires access to the photo library on the device in order to display photos from an album.";
				INFOPLIST_KEY_UIApplicationSceneManifest_Generation = YES;
				INFOPLIST_KEY_UIApplicationSupportsIndirectInputEvents = YES;
				INFOPLIST_KEY_UILaunchScreen_Generation = YES;
				INFOPLIST_KEY_UISupportedInterfaceOrientations_iPad = "UIInterfaceOrientationPortrait UIInterfaceOrientationPortraitUpsideDown UIInterfaceOrientationLandscapeLeft UIInterfaceOrientationLandscapeRight";
				INFOPLIST_KEY_UISupportedInterfaceOrientations_iPhone = "UIInterfaceOrientationPortrait UIInterfaceOrientationLandscapeLeft UIInterfaceOrientationLandscapeRight";
				LD_RUNPATH_SEARCH_PATHS = (
					"$(inherited)",
					"@executable_path/Frameworks",
				);
				MARKETING_VERSION = 1.0;
				PRODUCT_BUNDLE_IDENTIFIER = org.example.PhotoAlbumBrowser;
				PRODUCT_NAME = "Photo Browser";
				SWIFT_EMIT_LOC_STRINGS = YES;
				SWIFT_VERSION = 5.0;
				TARGETED_DEVICE_FAMILY = "1,2";
			};
			name = Release;
		};
/* End XCBuildConfiguration section */

/* Begin XCConfigurationList section */
		7BC3E63F2843AEC200B714C8 /* Build configuration list for PBXProject "PhotoAlbumBrowser" */ = {
			isa = XCConfigurationList;
			buildConfigurations = (
				7BC3E6502843AEC600B714C8 /* Debug */,
				7BC3E6512843AEC600B714C8 /* Release */,
			);
			defaultConfigurationIsVisible = 0;
			defaultConfigurationName = Release;
		};
		7BC3E6522843AEC600B714C8 /* Build configuration list for PBXNativeTarget "PhotoAlbumBrowser" */ = {
			isa = XCConfigurationList;
			buildConfigurations = (
				7BC3E6532843AEC600B714C8 /* Debug */,
				7BC3E6542843AEC600B714C8 /* Release */,
			);
			defaultConfigurationIsVisible = 0;
			defaultConfigurationName = Release;
		};
/* End XCConfigurationList section */
	};
	rootObject = 7BC3E63C2843AEC200B714C8 /* Project object */;
}
